// !$*UTF8*$!
{
	archiveVersion = 1;
	classes = {
	};
	objectVersion = 77;
	objects = {

/* Begin PBXBuildFile section */
		E6F000012F00000100000001 /* GitHubSearchResponse.swift in Sources */ = {isa = PBXBuildFile; fileRef = E63D469B2EF54D0100A44513 /* GitHubSearchResponse.swift */; };
		E6F000012F00000100000002 /* GitHubSearchService.swift in Sources */ = {isa = PBXBuildFile; fileRef = E63D469D2EF54D0100A44513 /* GitHubSearchService.swift */; };
		E6F000012F00000100000003 /* HTTPClient.swift in Sources */ = {isa = PBXBuildFile; fileRef = E63D469E2EF54D0100A44513 /* HTTPClient.swift */; };
		E6F000012F00000100000004 /* NetworkError.swift in Sources */ = {isa = PBXBuildFile; fileRef = E63D469F2EF54D0100A44513 /* NetworkError.swift */; };
		E6F000012F00000100000005 /* RecentKeywordStore.swift in Sources */ = {isa = PBXBuildFile; fileRef = E63D46A12EF54D0100A44513 /* RecentKeywordStore.swift */; };
		E6F000012F00000100000006 /* ImageLoader.swift in Sources */ = {isa = PBXBuildFile; fileRef = E63D46A32EF54D0100A44513 /* ImageLoader.swift */; };
		E6F000012F00000100000007 /* ImageMemoryCache.swift in Sources */ = {isa = PBXBuildFile; fileRef = E63D46A42EF54D0100A44513 /* ImageMemoryCache.swift */; };
		E6F000012F00000100000008 /* SearchScreenViewModel.swift in Sources */ = {isa = PBXBuildFile; fileRef = E63D46A82EF54D0100A44513 /* SearchScreenViewModel.swift */; };
		E6F000012F00000100000009 /* SearchViewController.swift in Sources */ = {isa = PBXBuildFile; fileRef = E63D46A92EF54D0100A44513 /* SearchViewController.swift */; };
		E6F000012F0000010000000A /* SearchViewController+UITableView.swift in Sources */ = {isa = PBXBuildFile; fileRef = E63D46AA2EF54D0100A44513 /* SearchViewController+UITableView.swift */; };
		E6F000012F0000010000000B /* RepositorySearchViewModel.swift in Sources */ = {isa = PBXBuildFile; fileRef = E63D46AD2EF54D0100A44513 /* RepositorySearchViewModel.swift */; };
		E6F000012F0000010000000C /* SearchResultViewController.swift in Sources */ = {isa = PBXBuildFile; fileRef = E63D46AE2EF54D0100A44513 /* SearchResultViewController.swift */; };
		E6F000012F0000010000000D /* WebViewController.swift in Sources */ = {isa = PBXBuildFile; fileRef = E63D46B02EF54D0100A44513 /* WebViewController.swift */; };
		E6F000012F0000010000000E /* AppDelegate.swift in Sources */ = {isa = PBXBuildFile; fileRef = E63D46B32EF54D0100A44513 /* AppDelegate.swift */; };
		E6F000012F0000010000000F /* SceneDelegate.swift in Sources */ = {isa = PBXBuildFile; fileRef = E63D46BA2EF54D0100A44513 /* SceneDelegate.swift */; };
		E6F000012F00000100000010 /* GithubRepoFinderTests.swift in Sources */ = {isa = PBXBuildFile; fileRef = E63D46BC2EF54D0100A44513 /* GithubRepoFinderTests.swift */; };
		E6F000012F00000100000013 /* Assets.xcassets in Resources */ = {isa = PBXBuildFile; fileRef = E63D46B42EF54D0100A44513 /* Assets.xcassets */; };
		E6F000012F00000100000014 /* LaunchScreen.storyboard in Resources */ = {isa = PBXBuildFile; fileRef = E63D46B72EF54D0100A44513 /* LaunchScreen.storyboard */; };
		E6F000012F00000100000015 /* Main.storyboard in Resources */ = {isa = PBXBuildFile; fileRef = E63D46B92EF54D0100A44513 /* Main.storyboard */; };
/* End PBXBuildFile section */

/* Begin PBXContainerItemProxy section */
		E6680E332EF40AE200D106C0 /* PBXContainerItemProxy */ = {
			isa = PBXContainerItemProxy;
			containerPortal = E6680E142EF40AE000D106C0 /* Project object */;
			proxyType = 1;
			remoteGlobalIDString = E6680E1B2EF40AE000D106C0;
			remoteInfo = KurlyAssignment;
		};
		E6680E3D2EF40AE200D106C0 /* PBXContainerItemProxy */ = {
			isa = PBXContainerItemProxy;
			containerPortal = E6680E142EF40AE000D106C0 /* Project object */;
			proxyType = 1;
			remoteGlobalIDString = E6680E1B2EF40AE000D106C0;
			remoteInfo = KurlyAssignment;
		};
/* End PBXContainerItemProxy section */

/* Begin PBXFileReference section */
		E63D469B2EF54D0100A44513 /* GitHubSearchResponse.swift */ = {isa = PBXFileReference; lastKnownFileType = sourcecode.swift; path = GitHubSearchResponse.swift; sourceTree = "<group>"; };
		E63D469D2EF54D0100A44513 /* GitHubSearchService.swift */ = {isa = PBXFileReference; lastKnownFileType = sourcecode.swift; path = GitHubSearchService.swift; sourceTree = "<group>"; };
		E63D469E2EF54D0100A44513 /* HTTPClient.swift */ = {isa = PBXFileReference; lastKnownFileType = sourcecode.swift; path = HTTPClient.swift; sourceTree = "<group>"; };
		E63D469F2EF54D0100A44513 /* NetworkError.swift */ = {isa = PBXFileReference; lastKnownFileType = sourcecode.swift; path = NetworkError.swift; sourceTree = "<group>"; };
		E63D46A12EF54D0100A44513 /* RecentKeywordStore.swift */ = {isa = PBXFileReference; lastKnownFileType = sourcecode.swift; path = RecentKeywordStore.swift; sourceTree = "<group>"; };
		E63D46A32EF54D0100A44513 /* ImageLoader.swift */ = {isa = PBXFileReference; lastKnownFileType = sourcecode.swift; path = ImageLoader.swift; sourceTree = "<group>"; };
		E63D46A42EF54D0100A44513 /* ImageMemoryCache.swift */ = {isa = PBXFileReference; lastKnownFileType = sourcecode.swift; path = ImageMemoryCache.swift; sourceTree = "<group>"; };
		E63D46A82EF54D0100A44513 /* SearchScreenViewModel.swift */ = {isa = PBXFileReference; lastKnownFileType = sourcecode.swift; path = SearchScreenViewModel.swift; sourceTree = "<group>"; };
		E63D46A92EF54D0100A44513 /* SearchViewController.swift */ = {isa = PBXFileReference; lastKnownFileType = sourcecode.swift; path = SearchViewController.swift; sourceTree = "<group>"; };
		E63D46AA2EF54D0100A44513 /* SearchViewController+UITableView.swift */ = {isa = PBXFileReference; lastKnownFileType = sourcecode.swift; path = "SearchViewController+UITableView.swift"; sourceTree = "<group>"; };
		E63D46AD2EF54D0100A44513 /* RepositorySearchViewModel.swift */ = {isa = PBXFileReference; lastKnownFileType = sourcecode.swift; path = RepositorySearchViewModel.swift; sourceTree = "<group>"; };
		E63D46AE2EF54D0100A44513 /* SearchResultViewController.swift */ = {isa = PBXFileReference; lastKnownFileType = sourcecode.swift; path = SearchResultViewController.swift; sourceTree = "<group>"; };
		E63D46B02EF54D0100A44513 /* WebViewController.swift */ = {isa = PBXFileReference; lastKnownFileType = sourcecode.swift; path = WebViewController.swift; sourceTree = "<group>"; };
		E63D46B32EF54D0100A44513 /* AppDelegate.swift */ = {isa = PBXFileReference; lastKnownFileType = sourcecode.swift; path = AppDelegate.swift; sourceTree = "<group>"; };
		E63D46B42EF54D0100A44513 /* Assets.xcassets */ = {isa = PBXFileReference; lastKnownFileType = folder.assetcatalog; path = Assets.xcassets; sourceTree = "<group>"; };
		E63D46B52EF54D0100A44513 /* Info.plist */ = {isa = PBXFileReference; lastKnownFileType = text.plist.xml; path = Info.plist; sourceTree = "<group>"; };
		E63D46B62EF54D0100A44513 /* Base */ = {isa = PBXFileReference; lastKnownFileType = file.storyboard; name = Base; path = Base.lproj/LaunchScreen.storyboard; sourceTree = "<group>"; };
		E63D46B82EF54D0100A44513 /* Base */ = {isa = PBXFileReference; lastKnownFileType = file.storyboard; name = Base; path = Base.lproj/Main.storyboard; sourceTree = "<group>"; };
		E63D46BA2EF54D0100A44513 /* SceneDelegate.swift */ = {isa = PBXFileReference; lastKnownFileType = sourcecode.swift; path = SceneDelegate.swift; sourceTree = "<group>"; };
		E63D46BC2EF54D0100A44513 /* GithubRepoFinderTests.swift */ = {isa = PBXFileReference; lastKnownFileType = sourcecode.swift; path = GithubRepoFinderTests.swift; sourceTree = "<group>"; };
		E6680E1C2EF40AE000D106C0 /* GithubRepoFinder.app */ = {isa = PBXFileReference; explicitFileType = wrapper.application; includeInIndex = 0; path = GithubRepoFinder.app; sourceTree = BUILT_PRODUCTS_DIR; };
		E6680E322EF40AE200D106C0 /* GithubRepoFinderTests.xctest */ = {isa = PBXFileReference; explicitFileType = wrapper.cfbundle; includeInIndex = 0; path = GithubRepoFinderTests.xctest; sourceTree = BUILT_PRODUCTS_DIR; };
		E6680E3C2EF40AE200D106C0 /* GithubRepoFinderUITests.xctest */ = {isa = PBXFileReference; explicitFileType = wrapper.cfbundle; includeInIndex = 0; path = GithubRepoFinderUITests.xctest; sourceTree = BUILT_PRODUCTS_DIR; };
/* End PBXFileReference section */

/* Begin PBXFrameworksBuildPhase section */
		E6680E192EF40AE000D106C0 /* Frameworks */ = {
			isa = PBXFrameworksBuildPhase;
			buildActionMask = 2147483647;
			files = (
			);
			runOnlyForDeploymentPostprocessing = 0;
		};
		E6680E2F2EF40AE200D106C0 /* Frameworks */ = {
			isa = PBXFrameworksBuildPhase;
			buildActionMask = 2147483647;
			files = (
			);
			runOnlyForDeploymentPostprocessing = 0;
		};
		E6680E392EF40AE200D106C0 /* Frameworks */ = {
			isa = PBXFrameworksBuildPhase;
			buildActionMask = 2147483647;
			files = (
			);
			runOnlyForDeploymentPostprocessing = 0;
		};
/* End PBXFrameworksBuildPhase section */

/* Begin PBXGroup section */
		E63D469C2EF54D0100A44513 /* Models */ = {
			isa = PBXGroup;
			children = (
				E63D469B2EF54D0100A44513 /* GitHubSearchResponse.swift */,
			);
			path = Models;
			sourceTree = "<group>";
		};
		E63D46A02EF54D0100A44513 /* Network */ = {
			isa = PBXGroup;
			children = (
				E63D469D2EF54D0100A44513 /* GitHubSearchService.swift */,
				E63D469E2EF54D0100A44513 /* HTTPClient.swift */,
				E63D469F2EF54D0100A44513 /* NetworkError.swift */,
			);
			path = Network;
			sourceTree = "<group>";
		};
		E63D46A22EF54D0100A44513 /* Storage */ = {
			isa = PBXGroup;
			children = (
				E63D46A12EF54D0100A44513 /* RecentKeywordStore.swift */,
			);
			path = Storage;
			sourceTree = "<group>";
		};
		E63D46A52EF54D0100A44513 /* Utils */ = {
			isa = PBXGroup;
			children = (
				E63D46A32EF54D0100A44513 /* ImageLoader.swift */,
				E63D46A42EF54D0100A44513 /* ImageMemoryCache.swift */,
			);
			path = Utils;
			sourceTree = "<group>";
		};
		E63D46A62EF54D0100A44513 /* Core */ = {
			isa = PBXGroup;
			children = (
				E63D469C2EF54D0100A44513 /* Models */,
				E63D46A02EF54D0100A44513 /* Network */,
				E63D46A22EF54D0100A44513 /* Storage */,
				E63D46A52EF54D0100A44513 /* Utils */,
			);
			path = Core;
			sourceTree = "<group>";
		};
		E63D46A72EF54D0100A44513 /* Views */ = {
			isa = PBXGroup;
			children = (
			);
			path = Views;
			sourceTree = "<group>";
		};
		E63D46AB2EF54D0100A44513 /* Search */ = {
			isa = PBXGroup;
			children = (
				E63D46A72EF54D0100A44513 /* Views */,
				E63D46A82EF54D0100A44513 /* SearchScreenViewModel.swift */,
				E63D46A92EF54D0100A44513 /* SearchViewController.swift */,
				E63D46AA2EF54D0100A44513 /* SearchViewController+UITableView.swift */,
			);
			path = Search;
			sourceTree = "<group>";
		};
		E63D46AC2EF54D0100A44513 /* Views */ = {
			isa = PBXGroup;
			children = (
			);
			path = Views;
			sourceTree = "<group>";
		};
		E63D46AF2EF54D0100A44513 /* SearchResult */ = {
			isa = PBXGroup;
			children = (
				E63D46AC2EF54D0100A44513 /* Views */,
				E63D46AD2EF54D0100A44513 /* RepositorySearchViewModel.swift */,
				E63D46AE2EF54D0100A44513 /* SearchResultViewController.swift */,
			);
			path = SearchResult;
			sourceTree = "<group>";
		};
		E63D46B12EF54D0100A44513 /* Web */ = {
			isa = PBXGroup;
			children = (
				E63D46B02EF54D0100A44513 /* WebViewController.swift */,
			);
			path = Web;
			sourceTree = "<group>";
		};
		E63D46B22EF54D0100A44513 /* Features */ = {
			isa = PBXGroup;
			children = (
				E63D46AB2EF54D0100A44513 /* Search */,
				E63D46AF2EF54D0100A44513 /* SearchResult */,
				E63D46B12EF54D0100A44513 /* Web */,
			);
			path = Features;
			sourceTree = "<group>";
		};
		E63D46BB2EF54D0100A44513 /* GithubRepoFinder */ = {
			isa = PBXGroup;
			children = (
				E63D46A62EF54D0100A44513 /* Core */,
				E63D46B22EF54D0100A44513 /* Features */,
				E63D46B32EF54D0100A44513 /* AppDelegate.swift */,
				E63D46B42EF54D0100A44513 /* Assets.xcassets */,
				E63D46B52EF54D0100A44513 /* Info.plist */,
				E63D46B72EF54D0100A44513 /* LaunchScreen.storyboard */,
				E63D46B92EF54D0100A44513 /* Main.storyboard */,
				E63D46BA2EF54D0100A44513 /* SceneDelegate.swift */,
			);
			path = GithubRepoFinder;
			sourceTree = "<group>";
		};
		E63D46BD2EF54D0100A44513 /* GithubRepoFinderTests */ = {
			isa = PBXGroup;
			children = (
				E63D46BC2EF54D0100A44513 /* GithubRepoFinderTests.swift */,
			);
			path = GithubRepoFinderTests;
			sourceTree = "<group>";
		};
		E6680E132EF40AE000D106C0 = {
			isa = PBXGroup;
			children = (
				E63D46BB2EF54D0100A44513 /* GithubRepoFinder */,
				E63D46BD2EF54D0100A44513 /* GithubRepoFinderTests */,
				E6680E1D2EF40AE000D106C0 /* Products */,
			);
			sourceTree = "<group>";
		};
		E6680E1D2EF40AE000D106C0 /* Products */ = {
			isa = PBXGroup;
			children = (
				E6680E1C2EF40AE000D106C0 /* GithubRepoFinder.app */,
				E6680E322EF40AE200D106C0 /* GithubRepoFinderTests.xctest */,
				E6680E3C2EF40AE200D106C0 /* GithubRepoFinderUITests.xctest */,
			);
			name = Products;
			sourceTree = "<group>";
		};
/* End PBXGroup section */

/* Begin PBXNativeTarget section */
		E6680E1B2EF40AE000D106C0 /* GithubRepoFinder */ = {
			isa = PBXNativeTarget;
			buildConfigurationList = E6680E452EF40AE200D106C0 /* Build configuration list for PBXNativeTarget "GithubRepoFinder" */;
			buildPhases = (
				E6680E182EF40AE000D106C0 /* Sources */,
				E6680E192EF40AE000D106C0 /* Frameworks */,
				E6680E1A2EF40AE000D106C0 /* Resources */,
			);
			buildRules = (
			);
			dependencies = (
			);
			name = GithubRepoFinder;
			packageProductDependencies = (
			);
			productName = KurlyAssignment;
			productReference = E6680E1C2EF40AE000D106C0 /* GithubRepoFinder.app */;
			productType = "com.apple.product-type.application";
		};
		E6680E312EF40AE200D106C0 /* GithubRepoFinderTests */ = {
			isa = PBXNativeTarget;
			buildConfigurationList = E6680E4A2EF40AE200D106C0 /* Build configuration list for PBXNativeTarget "GithubRepoFinderTests" */;
			buildPhases = (
				E6680E2E2EF40AE200D106C0 /* Sources */,
				E6680E2F2EF40AE200D106C0 /* Frameworks */,
				E6680E302EF40AE200D106C0 /* Resources */,
			);
			buildRules = (
			);
			dependencies = (
				E6680E342EF40AE200D106C0 /* PBXTargetDependency */,
			);
			name = GithubRepoFinderTests;
			packageProductDependencies = (
			);
			productName = KurlyAssignmentTests;
			productReference = E6680E322EF40AE200D106C0 /* GithubRepoFinderTests.xctest */;
			productType = "com.apple.product-type.bundle.unit-test";
		};
		E6680E3B2EF40AE200D106C0 /* GithubRepoFinderUITests */ = {
			isa = PBXNativeTarget;
			buildConfigurationList = E6680E4D2EF40AE200D106C0 /* Build configuration list for PBXNativeTarget "GithubRepoFinderUITests" */;
			buildPhases = (
				E6680E382EF40AE200D106C0 /* Sources */,
				E6680E392EF40AE200D106C0 /* Frameworks */,
				E6680E3A2EF40AE200D106C0 /* Resources */,
			);
			buildRules = (
			);
			dependencies = (
				E6680E3E2EF40AE200D106C0 /* PBXTargetDependency */,
			);
			name = GithubRepoFinderUITests;
			packageProductDependencies = (
			);
			productName = KurlyAssignmentUITests;
			productReference = E6680E3C2EF40AE200D106C0 /* GithubRepoFinderUITests.xctest */;
			productType = "com.apple.product-type.bundle.ui-testing";
		};
/* End PBXNativeTarget section */

/* Begin PBXProject section */
		E6680E142EF40AE000D106C0 /* Project object */ = {
			isa = PBXProject;
			attributes = {
				BuildIndependentTargetsInParallel = 1;
				LastSwiftUpdateCheck = 2610;
				LastUpgradeCheck = 2610;
				TargetAttributes = {
					E6680E1B2EF40AE000D106C0 = {
						CreatedOnToolsVersion = 26.1.1;
					};
					E6680E312EF40AE200D106C0 = {
						CreatedOnToolsVersion = 26.1.1;
						TestTargetID = E6680E1B2EF40AE000D106C0;
					};
					E6680E3B2EF40AE200D106C0 = {
						CreatedOnToolsVersion = 26.1.1;
						TestTargetID = E6680E1B2EF40AE000D106C0;
					};
				};
			};
			buildConfigurationList = E6680E172EF40AE000D106C0 /* Build configuration list for PBXProject "GithubRepoFinder" */;
			developmentRegion = en;
			hasScannedForEncodings = 0;
			knownRegions = (
				en,
				Base,
			);
			mainGroup = E6680E132EF40AE000D106C0;
			minimizedProjectReferenceProxies = 1;
			preferredProjectObjectVersion = 77;
			productRefGroup = E6680E1D2EF40AE000D106C0 /* Products */;
			projectDirPath = "";
			projectRoot = "";
			targets = (
				E6680E1B2EF40AE000D106C0 /* GithubRepoFinder */,
				E6680E312EF40AE200D106C0 /* GithubRepoFinderTests */,
				E6680E3B2EF40AE200D106C0 /* GithubRepoFinderUITests */,
			);
		};
/* End PBXProject section */

/* Begin PBXResourcesBuildPhase section */
		E6680E1A2EF40AE000D106C0 /* Resources */ = {
			isa = PBXResourcesBuildPhase;
			buildActionMask = 2147483647;
			files = (
				E6F000012F00000100000013 /* Assets.xcassets in Resources */,
				E6F000012F00000100000014 /* LaunchScreen.storyboard in Resources */,
				E6F000012F00000100000015 /* Main.storyboard in Resources */,
			);
			runOnlyForDeploymentPostprocessing = 0;
		};
		E6680E302EF40AE200D106C0 /* Resources */ = {
			isa = PBXResourcesBuildPhase;
			buildActionMask = 2147483647;
			files = (
			);
			runOnlyForDeploymentPostprocessing = 0;
		};
		E6680E3A2EF40AE200D106C0 /* Resources */ = {
			isa = PBXResourcesBuildPhase;
			buildActionMask = 2147483647;
			files = (
			);
			runOnlyForDeploymentPostprocessing = 0;
		};
/* End PBXResourcesBuildPhase section */

/* Begin PBXSourcesBuildPhase section */
		E6680E182EF40AE000D106C0 /* Sources */ = {
			isa = PBXSourcesBuildPhase;
			buildActionMask = 2147483647;
			files = (
				E6F000012F00000100000001 /* GitHubSearchResponse.swift in Sources */,
				E6F000012F00000100000002 /* GitHubSearchService.swift in Sources */,
				E6F000012F00000100000003 /* HTTPClient.swift in Sources */,
				E6F000012F00000100000004 /* NetworkError.swift in Sources */,
				E6F000012F00000100000005 /* RecentKeywordStore.swift in Sources */,
				E6F000012F00000100000006 /* ImageLoader.swift in Sources */,
				E6F000012F00000100000007 /* ImageMemoryCache.swift in Sources */,
				E6F000012F00000100000008 /* SearchScreenViewModel.swift in Sources */,
				E6F000012F00000100000009 /* SearchViewController.swift in Sources */,
				E6F000012F0000010000000A /* SearchViewController+UITableView.swift in Sources */,
				E6F000012F0000010000000B /* RepositorySearchViewModel.swift in Sources */,
				E6F000012F0000010000000C /* SearchResultViewController.swift in Sources */,
				E6F000012F0000010000000D /* WebViewController.swift in Sources */,
				E6F000012F0000010000000E /* AppDelegate.swift in Sources */,
				E6F000012F0000010000000F /* SceneDelegate.swift in Sources */,
			);
			runOnlyForDeploymentPostprocessing = 0;
		};
		E6680E2E2EF40AE200D106C0 /* Sources */ = {
			isa = PBXSourcesBuildPhase;
			buildActionMask = 2147483647;
			files = (
				E6F000012F00000100000010 /* GithubRepoFinderTests.swift in Sources */,
			);
			runOnlyForDeploymentPostprocessing = 0;
		};
		E6680E382EF40AE200D106C0 /* Sources */ = {
			isa = PBXSourcesBuildPhase;
			buildActionMask = 2147483647;
			files = (
			);
			runOnlyForDeploymentPostprocessing = 0;
		};
/* End PBXSourcesBuildPhase section */

/* Begin PBXTargetDependency section */
		E6680E342EF40AE200D106C0 /* PBXTargetDependency */ = {
			isa = PBXTargetDependency;
			target = E6680E1B2EF40AE000D106C0 /* GithubRepoFinder */;
			targetProxy = E6680E332EF40AE200D106C0 /* PBXContainerItemProxy */;
		};
		E6680E3E2EF40AE200D106C0 /* PBXTargetDependency */ = {
			isa = PBXTargetDependency;
			target = E6680E1B2EF40AE000D106C0 /* GithubRepoFinder */;
			targetProxy = E6680E3D2EF40AE200D106C0 /* PBXContainerItemProxy */;
		};
/* End PBXTargetDependency section */

/* Begin PBXVariantGroup section */
		E63D46B72EF54D0100A44513 /* LaunchScreen.storyboard */ = {
			isa = PBXVariantGroup;
			children = (
				E63D46B62EF54D0100A44513 /* Base */,
			);
			name = LaunchScreen.storyboard;
			sourceTree = "<group>";
		};
		E63D46B92EF54D0100A44513 /* Main.storyboard */ = {
			isa = PBXVariantGroup;
			children = (
				E63D46B82EF54D0100A44513 /* Base */,
			);
			name = Main.storyboard;
			sourceTree = "<group>";
		};
/* End PBXVariantGroup section */

/* Begin XCBuildConfiguration section */
		E6680E462EF40AE200D106C0 /* Debug */ = {
			isa = XCBuildConfiguration;
			buildSettings = {
				ASSETCATALOG_COMPILER_APPICON_NAME = AppIcon;
				ASSETCATALOG_COMPILER_GLOBAL_ACCENT_COLOR_NAME = AccentColor;
				CODE_SIGN_STYLE = Automatic;
				CURRENT_PROJECT_VERSION = 1;
				DEVELOPMENT_TEAM = 827YX997NH;
				GENERATE_INFOPLIST_FILE = YES;
				INFOPLIST_FILE = GithubRepoFinder/Info.plist;
				INFOPLIST_KEY_CFBundleDisplayName = RepoFinder;
				INFOPLIST_KEY_UIApplicationSupportsIndirectInputEvents = YES;
				INFOPLIST_KEY_UILaunchStoryboardName = "";
				INFOPLIST_KEY_UIMainStoryboardFile = Main;
				INFOPLIST_KEY_UISupportedInterfaceOrientations_iPad = "UIInterfaceOrientationPortrait UIInterfaceOrientationPortraitUpsideDown UIInterfaceOrientationLandscapeLeft UIInterfaceOrientationLandscapeRight";
				INFOPLIST_KEY_UISupportedInterfaceOrientations_iPhone = "UIInterfaceOrientationPortrait UIInterfaceOrientationLandscapeLeft UIInterfaceOrientationLandscapeRight";
				LD_RUNPATH_SEARCH_PATHS = (
					"$(inherited)",
					"@executable_path/Frameworks",
				);
				MARKETING_VERSION = 1.0;
				PRODUCT_BUNDLE_IDENTIFIER = com.krgoodnews.GithubRepoFinder;
				PRODUCT_NAME = "$(TARGET_NAME)";
				STRING_CATALOG_GENERATE_SYMBOLS = YES;
				SWIFT_APPROACHABLE_CONCURRENCY = YES;
				SWIFT_EMIT_LOC_STRINGS = YES;
				SWIFT_UPCOMING_FEATURE_MEMBER_IMPORT_VISIBILITY = YES;
				SWIFT_VERSION = 5.0;
				TARGETED_DEVICE_FAMILY = "1,2";
			};
			name = Debug;
		};
		E6680E472EF40AE200D106C0 /* Release */ = {
			isa = XCBuildConfiguration;
			buildSettings = {
				ASSETCATALOG_COMPILER_APPICON_NAME = AppIcon;
				ASSETCATALOG_COMPILER_GLOBAL_ACCENT_COLOR_NAME = AccentColor;
				CODE_SIGN_STYLE = Automatic;
				CURRENT_PROJECT_VERSION = 1;
				DEVELOPMENT_TEAM = 827YX997NH;
				GENERATE_INFOPLIST_FILE = YES;
				INFOPLIST_FILE = GithubRepoFinder/Info.plist;
				INFOPLIST_KEY_CFBundleDisplayName = RepoFinder;
				INFOPLIST_KEY_UIApplicationSupportsIndirectInputEvents = YES;
				INFOPLIST_KEY_UILaunchStoryboardName = "";
				INFOPLIST_KEY_UIMainStoryboardFile = Main;
				INFOPLIST_KEY_UISupportedInterfaceOrientations_iPad = "UIInterfaceOrientationPortrait UIInterfaceOrientationPortraitUpsideDown UIInterfaceOrientationLandscapeLeft UIInterfaceOrientationLandscapeRight";
				INFOPLIST_KEY_UISupportedInterfaceOrientations_iPhone = "UIInterfaceOrientationPortrait UIInterfaceOrientationLandscapeLeft UIInterfaceOrientationLandscapeRight";
				LD_RUNPATH_SEARCH_PATHS = (
					"$(inherited)",
					"@executable_path/Frameworks",
				);
				MARKETING_VERSION = 1.0;
				PRODUCT_BUNDLE_IDENTIFIER = com.krgoodnews.GithubRepoFinder;
				PRODUCT_NAME = "$(TARGET_NAME)";
				STRING_CATALOG_GENERATE_SYMBOLS = YES;
				SWIFT_APPROACHABLE_CONCURRENCY = YES;
				SWIFT_EMIT_LOC_STRINGS = YES;
				SWIFT_UPCOMING_FEATURE_MEMBER_IMPORT_VISIBILITY = YES;
				SWIFT_VERSION = 5.0;
				TARGETED_DEVICE_FAMILY = "1,2";
			};
			name = Release;
		};
		E6680E482EF40AE200D106C0 /* Debug */ = {
			isa = XCBuildConfiguration;
			buildSettings = {
				ALWAYS_SEARCH_USER_PATHS = NO;
				ASSETCATALOG_COMPILER_GENERATE_SWIFT_ASSET_SYMBOL_EXTENSIONS = YES;
				CLANG_ANALYZER_NONNULL = YES;
				CLANG_ANALYZER_NUMBER_OBJECT_CONVERSION = YES_AGGRESSIVE;
				CLANG_CXX_LANGUAGE_STANDARD = "gnu++20";
				CLANG_ENABLE_MODULES = YES;
				CLANG_ENABLE_OBJC_ARC = YES;
				CLANG_ENABLE_OBJC_WEAK = YES;
				CLANG_WARN_BLOCK_CAPTURE_AUTORELEASING = YES;
				CLANG_WARN_BOOL_CONVERSION = YES;
				CLANG_WARN_COMMA = YES;
				CLANG_WARN_CONSTANT_CONVERSION = YES;
				CLANG_WARN_DEPRECATED_OBJC_IMPLEMENTATIONS = YES;
				CLANG_WARN_DIRECT_OBJC_ISA_USAGE = YES_ERROR;
				CLANG_WARN_DOCUMENTATION_COMMENTS = YES;
				CLANG_WARN_EMPTY_BODY = YES;
				CLANG_WARN_ENUM_CONVERSION = YES;
				CLANG_WARN_INFINITE_RECURSION = YES;
				CLANG_WARN_INT_CONVERSION = YES;
				CLANG_WARN_NON_LITERAL_NULL_CONVERSION = YES;
				CLANG_WARN_OBJC_IMPLICIT_RETAIN_SELF = YES;
				CLANG_WARN_OBJC_LITERAL_CONVERSION = YES;
				CLANG_WARN_OBJC_ROOT_CLASS = YES_ERROR;
				CLANG_WARN_QUOTED_INCLUDE_IN_FRAMEWORK_HEADER = YES;
				CLANG_WARN_RANGE_LOOP_ANALYSIS = YES;
				CLANG_WARN_STRICT_PROTOTYPES = YES;
				CLANG_WARN_SUSPICIOUS_MOVE = YES;
				CLANG_WARN_UNGUARDED_AVAILABILITY = YES_AGGRESSIVE;
				CLANG_WARN_UNREACHABLE_CODE = YES;
				CLANG_WARN__DUPLICATE_METHOD_MATCH = YES;
				COPY_PHASE_STRIP = NO;
				DEBUG_INFORMATION_FORMAT = dwarf;
				DEVELOPMENT_TEAM = 827YX997NH;
				ENABLE_STRICT_OBJC_MSGSEND = YES;
				ENABLE_TESTABILITY = YES;
				ENABLE_USER_SCRIPT_SANDBOXING = YES;
				GCC_C_LANGUAGE_STANDARD = gnu17;
				GCC_DYNAMIC_NO_PIC = NO;
				GCC_NO_COMMON_BLOCKS = YES;
				GCC_OPTIMIZATION_LEVEL = 0;
				GCC_PREPROCESSOR_DEFINITIONS = (
					"DEBUG=1",
					"$(inherited)",
				);
				GCC_WARN_64_TO_32_BIT_CONVERSION = YES;
				GCC_WARN_ABOUT_RETURN_TYPE = YES_ERROR;
				GCC_WARN_UNDECLARED_SELECTOR = YES;
				GCC_WARN_UNINITIALIZED_AUTOS = YES_AGGRESSIVE;
				GCC_WARN_UNUSED_FUNCTION = YES;
				GCC_WARN_UNUSED_VARIABLE = YES;
				IPHONEOS_DEPLOYMENT_TARGET = 26.1;
				LOCALIZATION_PREFERS_STRING_CATALOGS = YES;
				MTL_ENABLE_DEBUG_INFO = INCLUDE_SOURCE;
				MTL_FAST_MATH = YES;
				ONLY_ACTIVE_ARCH = YES;
				SDKROOT = iphoneos;
				SWIFT_ACTIVE_COMPILATION_CONDITIONS = "DEBUG $(inherited)";
				SWIFT_OPTIMIZATION_LEVEL = "-Onone";
			};
			name = Debug;
		};
		E6680E492EF40AE200D106C0 /* Release */ = {
			isa = XCBuildConfiguration;
			buildSettings = {
				ALWAYS_SEARCH_USER_PATHS = NO;
				ASSETCATALOG_COMPILER_GENERATE_SWIFT_ASSET_SYMBOL_EXTENSIONS = YES;
				CLANG_ANALYZER_NONNULL = YES;
				CLANG_ANALYZER_NUMBER_OBJECT_CONVERSION = YES_AGGRESSIVE;
				CLANG_CXX_LANGUAGE_STANDARD = "gnu++20";
				CLANG_ENABLE_MODULES = YES;
				CLANG_ENABLE_OBJC_ARC = YES;
				CLANG_ENABLE_OBJC_WEAK = YES;
				CLANG_WARN_BLOCK_CAPTURE_AUTORELEASING = YES;
				CLANG_WARN_BOOL_CONVERSION = YES;
				CLANG_WARN_COMMA = YES;
				CLANG_WARN_CONSTANT_CONVERSION = YES;
				CLANG_WARN_DEPRECATED_OBJC_IMPLEMENTATIONS = YES;
				CLANG_WARN_DIRECT_OBJC_ISA_USAGE = YES_ERROR;
				CLANG_WARN_DOCUMENTATION_COMMENTS = YES;
				CLANG_WARN_EMPTY_BODY = YES;
				CLANG_WARN_ENUM_CONVERSION = YES;
				CLANG_WARN_INFINITE_RECURSION = YES;
				CLANG_WARN_INT_CONVERSION = YES;
				CLANG_WARN_NON_LITERAL_NULL_CONVERSION = YES;
				CLANG_WARN_OBJC_IMPLICIT_RETAIN_SELF = YES;
				CLANG_WARN_OBJC_LITERAL_CONVERSION = YES;
				CLANG_WARN_OBJC_ROOT_CLASS = YES_ERROR;
				CLANG_WARN_QUOTED_INCLUDE_IN_FRAMEWORK_HEADER = YES;
				CLANG_WARN_RANGE_LOOP_ANALYSIS = YES;
				CLANG_WARN_STRICT_PROTOTYPES = YES;
				CLANG_WARN_SUSPICIOUS_MOVE = YES;
				CLANG_WARN_UNGUARDED_AVAILABILITY = YES_AGGRESSIVE;
				CLANG_WARN_UNREACHABLE_CODE = YES;
				CLANG_WARN__DUPLICATE_METHOD_MATCH = YES;
				COPY_PHASE_STRIP = NO;
				DEBUG_INFORMATION_FORMAT = "dwarf-with-dsym";
				DEVELOPMENT_TEAM = 827YX997NH;
				ENABLE_NS_ASSERTIONS = NO;
				ENABLE_STRICT_OBJC_MSGSEND = YES;
				ENABLE_USER_SCRIPT_SANDBOXING = YES;
				GCC_C_LANGUAGE_STANDARD = gnu17;
				GCC_NO_COMMON_BLOCKS = YES;
				GCC_WARN_64_TO_32_BIT_CONVERSION = YES;
				GCC_WARN_ABOUT_RETURN_TYPE = YES_ERROR;
				GCC_WARN_UNDECLARED_SELECTOR = YES;
				GCC_WARN_UNINITIALIZED_AUTOS = YES_AGGRESSIVE;
				GCC_WARN_UNUSED_FUNCTION = YES;
				GCC_WARN_UNUSED_VARIABLE = YES;
				IPHONEOS_DEPLOYMENT_TARGET = 26.1;
				LOCALIZATION_PREFERS_STRING_CATALOGS = YES;
				MTL_ENABLE_DEBUG_INFO = NO;
				MTL_FAST_MATH = YES;
				SDKROOT = iphoneos;
				SWIFT_COMPILATION_MODE = wholemodule;
				VALIDATE_PRODUCT = YES;
			};
			name = Release;
		};
		E6680E4B2EF40AE200D106C0 /* Debug */ = {
			isa = XCBuildConfiguration;
			buildSettings = {
				BUNDLE_LOADER = "$(TEST_HOST)";
				CODE_SIGN_STYLE = Automatic;
				CURRENT_PROJECT_VERSION = 1;
				DEVELOPMENT_TEAM = 827YX997NH;
				GENERATE_INFOPLIST_FILE = YES;
				IPHONEOS_DEPLOYMENT_TARGET = 26.1;
				MARKETING_VERSION = 1.0;
				PRODUCT_BUNDLE_IDENTIFIER = com.krgoodnews.KurlyAssignmentTests;
				PRODUCT_NAME = "$(TARGET_NAME)";
				STRING_CATALOG_GENERATE_SYMBOLS = NO;
				SWIFT_APPROACHABLE_CONCURRENCY = YES;
				SWIFT_EMIT_LOC_STRINGS = NO;
				SWIFT_UPCOMING_FEATURE_MEMBER_IMPORT_VISIBILITY = YES;
				SWIFT_VERSION = 5.0;
				TARGETED_DEVICE_FAMILY = "1,2";
				TEST_HOST = "$(BUILT_PRODUCTS_DIR)/GithubRepoFinder.app/GithubRepoFinder";
			};
			name = Debug;
		};
		E6680E4C2EF40AE200D106C0 /* Release */ = {
			isa = XCBuildConfiguration;
			buildSettings = {
				BUNDLE_LOADER = "$(TEST_HOST)";
				CODE_SIGN_STYLE = Automatic;
				CURRENT_PROJECT_VERSION = 1;
				DEVELOPMENT_TEAM = 827YX997NH;
				GENERATE_INFOPLIST_FILE = YES;
				IPHONEOS_DEPLOYMENT_TARGET = 26.1;
				MARKETING_VERSION = 1.0;
				PRODUCT_BUNDLE_IDENTIFIER = com.krgoodnews.KurlyAssignmentTests;
				PRODUCT_NAME = "$(TARGET_NAME)";
				STRING_CATALOG_GENERATE_SYMBOLS = NO;
				SWIFT_APPROACHABLE_CONCURRENCY = YES;
				SWIFT_EMIT_LOC_STRINGS = NO;
				SWIFT_UPCOMING_FEATURE_MEMBER_IMPORT_VISIBILITY = YES;
				SWIFT_VERSION = 5.0;
				TARGETED_DEVICE_FAMILY = "1,2";
				TEST_HOST = "$(BUILT_PRODUCTS_DIR)/GithubRepoFinder.app/GithubRepoFinder";
			};
			name = Release;
		};
		E6680E4E2EF40AE200D106C0 /* Debug */ = {
			isa = XCBuildConfiguration;
			buildSettings = {
				CODE_SIGN_STYLE = Automatic;
				CURRENT_PROJECT_VERSION = 1;
				DEVELOPMENT_TEAM = 827YX997NH;
				GENERATE_INFOPLIST_FILE = YES;
				MARKETING_VERSION = 1.0;
				PRODUCT_BUNDLE_IDENTIFIER = com.krgoodnews.KurlyAssignmentUITests;
				PRODUCT_NAME = "$(TARGET_NAME)";
				STRING_CATALOG_GENERATE_SYMBOLS = NO;
				SWIFT_APPROACHABLE_CONCURRENCY = YES;
				SWIFT_EMIT_LOC_STRINGS = NO;
				SWIFT_UPCOMING_FEATURE_MEMBER_IMPORT_VISIBILITY = YES;
				SWIFT_VERSION = 5.0;
				TARGETED_DEVICE_FAMILY = "1,2";
				TEST_TARGET_NAME = KurlyAssignment;
			};
			name = Debug;
		};
		E6680E4F2EF40AE200D106C0 /* Release */ = {
			isa = XCBuildConfiguration;
			buildSettings = {
				CODE_SIGN_STYLE = Automatic;
				CURRENT_PROJECT_VERSION = 1;
				DEVELOPMENT_TEAM = 827YX997NH;
				GENERATE_INFOPLIST_FILE = YES;
				MARKETING_VERSION = 1.0;
				PRODUCT_BUNDLE_IDENTIFIER = com.krgoodnews.KurlyAssignmentUITests;
				PRODUCT_NAME = "$(TARGET_NAME)";
				STRING_CATALOG_GENERATE_SYMBOLS = NO;
				SWIFT_APPROACHABLE_CONCURRENCY = YES;
				SWIFT_EMIT_LOC_STRINGS = NO;
				SWIFT_UPCOMING_FEATURE_MEMBER_IMPORT_VISIBILITY = YES;
				SWIFT_VERSION = 5.0;
				TARGETED_DEVICE_FAMILY = "1,2";
				TEST_TARGET_NAME = KurlyAssignment;
			};
			name = Release;
		};
/* End XCBuildConfiguration section */

/* Begin XCConfigurationList section */
		E6680E172EF40AE000D106C0 /* Build configuration list for PBXProject "GithubRepoFinder" */ = {
			isa = XCConfigurationList;
			buildConfigurations = (
				E6680E482EF40AE200D106C0 /* Debug */,
				E6680E492EF40AE200D106C0 /* Release */,
			);
			defaultConfigurationIsVisible = 0;
			defaultConfigurationName = Release;
		};
		E6680E452EF40AE200D106C0 /* Build configuration list for PBXNativeTarget "GithubRepoFinder" */ = {
			isa = XCConfigurationList;
			buildConfigurations = (
				E6680E462EF40AE200D106C0 /* Debug */,
				E6680E472EF40AE200D106C0 /* Release */,
			);
			defaultConfigurationIsVisible = 0;
			defaultConfigurationName = Release;
		};
		E6680E4A2EF40AE200D106C0 /* Build configuration list for PBXNativeTarget "GithubRepoFinderTests" */ = {
			isa = XCConfigurationList;
			buildConfigurations = (
				E6680E4B2EF40AE200D106C0 /* Debug */,
				E6680E4C2EF40AE200D106C0 /* Release */,
			);
			defaultConfigurationIsVisible = 0;
			defaultConfigurationName = Release;
		};
		E6680E4D2EF40AE200D106C0 /* Build configuration list for PBXNativeTarget "GithubRepoFinderUITests" */ = {
			isa = XCConfigurationList;
			buildConfigurations = (
				E6680E4E2EF40AE200D106C0 /* Debug */,
				E6680E4F2EF40AE200D106C0 /* Release */,
			);
			defaultConfigurationIsVisible = 0;
			defaultConfigurationName = Release;
		};
/* End XCConfigurationList section */
	};
	rootObject = E6680E142EF40AE000D106C0 /* Project object */;
}
