// !$*UTF8*$!
{
	archiveVersion = 1;
	classes = {
	};
	objectVersion = 77;
	objects = {

/* Begin PBXContainerItemProxy section */
		E6680E332EF40AE200D106C0 /* PBXContainerItemProxy */ = {
			isa = PBXContainerItemProxy;
			containerPortal = E6680E142EF40AE000D106C0 /* Project object */;
			proxyType = 1;
			remoteGlobalIDString = E6680E1B2EF40AE000D106C0;
			remoteInfo = KurlyAssignment;
		};
		E6680E3D2EF40AE200D106C0 /* PBXContainerItemProxy */ = {
			isa = PBXContainerItemProxy;
			containerPortal = E6680E142EF40AE000D106C0 /* Project object */;
			proxyType = 1;
			remoteGlobalIDString = E6680E1B2EF40AE000D106C0;
			remoteInfo = KurlyAssignment;
		};
/* End PBXContainerItemProxy section */

/* Begin PBXFileReference section */
		E6680E1C2EF40AE000D106C0 /* KurlyAssignment.app */ = {isa = PBXFileReference; explicitFileType = wrapper.application; includeInIndex = 0; path = KurlyAssignment.app; sourceTree = BUILT_PRODUCTS_DIR; };
		E6680E322EF40AE200D106C0 /* KurlyAssignmentTests.xctest */ = {isa = PBXFileReference; explicitFileType = wrapper.cfbundle; includeInIndex = 0; path = KurlyAssignmentTests.xctest; sourceTree = BUILT_PRODUCTS_DIR; };
		E6680E3C2EF40AE200D106C0 /* KurlyAssignmentUITests.xctest */ = {isa = PBXFileReference; explicitFileType = wrapper.cfbundle; includeInIndex = 0; path = KurlyAssignmentUITests.xctest; sourceTree = BUILT_PRODUCTS_DIR; };
/* End PBXFileReference section */

/* Begin PBXFileSystemSynchronizedBuildFileExceptionSet section */
		E6680E442EF40AE200D106C0 /* Exceptions for "KurlyAssignment" folder in "KurlyAssignment" target */ = {
			isa = PBXFileSystemSynchronizedBuildFileExceptionSet;
			membershipExceptions = (
				Info.plist,
			);
			target = E6680E1B2EF40AE000D106C0 /* KurlyAssignment */;
		};
/* End PBXFileSystemSynchronizedBuildFileExceptionSet section */

/* Begin PBXFileSystemSynchronizedRootGroup section */
		E6680E1E2EF40AE000D106C0 /* KurlyAssignment */ = {
			isa = PBXFileSystemSynchronizedRootGroup;
			exceptions = (
				E6680E442EF40AE200D106C0 /* Exceptions for "KurlyAssignment" folder in "KurlyAssignment" target */,
			);
			path = KurlyAssignment;
			sourceTree = "<group>";
		};
		E6680E352EF40AE200D106C0 /* KurlyAssignmentTests */ = {
			isa = PBXFileSystemSynchronizedRootGroup;
			path = KurlyAssignmentTests;
			sourceTree = "<group>";
		};
		E6680E3F2EF40AE200D106C0 /* KurlyAssignmentUITests */ = {
			isa = PBXFileSystemSynchronizedRootGroup;
			path = KurlyAssignmentUITests;
			sourceTree = "<group>";
		};
/* End PBXFileSystemSynchronizedRootGroup section */

/* Begin PBXFrameworksBuildPhase section */
		E6680E192EF40AE000D106C0 /* Frameworks */ = {
			isa = PBXFrameworksBuildPhase;
			buildActionMask = 2147483647;
			files = (
			);
			runOnlyForDeploymentPostprocessing = 0;
		};
		E6680E2F2EF40AE200D106C0 /* Frameworks */ = {
			isa = PBXFrameworksBuildPhase;
			buildActionMask = 2147483647;
			files = (
			);
			runOnlyForDeploymentPostprocessing = 0;
		};
		E6680E392EF40AE200D106C0 /* Frameworks */ = {
			isa = PBXFrameworksBuildPhase;
			buildActionMask = 2147483647;
			files = (
			);
			runOnlyForDeploymentPostprocessing = 0;
		};
/* End PBXFrameworksBuildPhase section */

/* Begin PBXGroup section */
		E6680E132EF40AE000D106C0 = {
			isa = PBXGroup;
			children = (
				E6680E1E2EF40AE000D106C0 /* KurlyAssignment */,
				E6680E352EF40AE200D106C0 /* KurlyAssignmentTests */,
				E6680E3F2EF40AE200D106C0 /* KurlyAssignmentUITests */,
				E6680E1D2EF40AE000D106C0 /* Products */,
			);
			sourceTree = "<group>";
		};
		E6680E1D2EF40AE000D106C0 /* Products */ = {
			isa = PBXGroup;
			children = (
				E6680E1C2EF40AE000D106C0 /* KurlyAssignment.app */,
				E6680E322EF40AE200D106C0 /* KurlyAssignmentTests.xctest */,
				E6680E3C2EF40AE200D106C0 /* KurlyAssignmentUITests.xctest */,
			);
			name = Products;
			sourceTree = "<group>";
		};
/* End PBXGroup section */

/* Begin PBXNativeTarget section */
		E6680E1B2EF40AE000D106C0 /* KurlyAssignment */ = {
			isa = PBXNativeTarget;
			buildConfigurationList = E6680E452EF40AE200D106C0 /* Build configuration list for PBXNativeTarget "KurlyAssignment" */;
			buildPhases = (
				E6680E182EF40AE000D106C0 /* Sources */,
				E6680E192EF40AE000D106C0 /* Frameworks */,
				E6680E1A2EF40AE000D106C0 /* Resources */,
			);
			buildRules = (
			);
			dependencies = (
			);
			fileSystemSynchronizedGroups = (
				E6680E1E2EF40AE000D106C0 /* KurlyAssignment */,
			);
			name = KurlyAssignment;
			packageProductDependencies = (
			);
			productName = KurlyAssignment;
			productReference = E6680E1C2EF40AE000D106C0 /* KurlyAssignment.app */;
			productType = "com.apple.product-type.application";
		};
		E6680E312EF40AE200D106C0 /* KurlyAssignmentTests */ = {
			isa = PBXNativeTarget;
			buildConfigurationList = E6680E4A2EF40AE200D106C0 /* Build configuration list for PBXNativeTarget "KurlyAssignmentTests" */;
			buildPhases = (
				E6680E2E2EF40AE200D106C0 /* Sources */,
				E6680E2F2EF40AE200D106C0 /* Frameworks */,
				E6680E302EF40AE200D106C0 /* Resources */,
			);
			buildRules = (
			);
			dependencies = (
				E6680E342EF40AE200D106C0 /* PBXTargetDependency */,
			);
			fileSystemSynchronizedGroups = (
				E6680E352EF40AE200D106C0 /* KurlyAssignmentTests */,
			);
			name = KurlyAssignmentTests;
			packageProductDependencies = (
			);
			productName = KurlyAssignmentTests;
			productReference = E6680E322EF40AE200D106C0 /* KurlyAssignmentTests.xctest */;
			productType = "com.apple.product-type.bundle.unit-test";
		};
		E6680E3B2EF40AE200D106C0 /* KurlyAssignmentUITests */ = {
			isa = PBXNativeTarget;
			buildConfigurationList = E6680E4D2EF40AE200D106C0 /* Build configuration list for PBXNativeTarget "KurlyAssignmentUITests" */;
			buildPhases = (
				E6680E382EF40AE200D106C0 /* Sources */,
				E6680E392EF40AE200D106C0 /* Frameworks */,
				E6680E3A2EF40AE200D106C0 /* Resources */,
			);
			buildRules = (
			);
			dependencies = (
				E6680E3E2EF40AE200D106C0 /* PBXTargetDependency */,
			);
			fileSystemSynchronizedGroups = (
				E6680E3F2EF40AE200D106C0 /* KurlyAssignmentUITests */,
			);
			name = KurlyAssignmentUITests;
			packageProductDependencies = (
			);
			productName = KurlyAssignmentUITests;
			productReference = E6680E3C2EF40AE200D106C0 /* KurlyAssignmentUITests.xctest */;
			productType = "com.apple.product-type.bundle.ui-testing";
		};
/* End PBXNativeTarget section */

/* Begin PBXProject section */
		E6680E142EF40AE000D106C0 /* Project object */ = {
			isa = PBXProject;
			attributes = {
				BuildIndependentTargetsInParallel = 1;
				LastSwiftUpdateCheck = 2610;
				LastUpgradeCheck = 2610;
				TargetAttributes = {
					E6680E1B2EF40AE000D106C0 = {
						CreatedOnToolsVersion = 26.1.1;
					};
					E6680E312EF40AE200D106C0 = {
						CreatedOnToolsVersion = 26.1.1;
						TestTargetID = E6680E1B2EF40AE000D106C0;
					};
					E6680E3B2EF40AE200D106C0 = {
						CreatedOnToolsVersion = 26.1.1;
						TestTargetID = E6680E1B2EF40AE000D106C0;
					};
				};
			};
			buildConfigurationList = E6680E172EF40AE000D106C0 /* Build configuration list for PBXProject "KurlyAssignment" */;
			developmentRegion = en;
			hasScannedForEncodings = 0;
			knownRegions = (
				en,
				Base,
			);
			mainGroup = E6680E132EF40AE000D106C0;
			minimizedProjectReferenceProxies = 1;
			preferredProjectObjectVersion = 77;
			productRefGroup = E6680E1D2EF40AE000D106C0 /* Products */;
			projectDirPath = "";
			projectRoot = "";
			targets = (
				E6680E1B2EF40AE000D106C0 /* KurlyAssignment */,
				E6680E312EF40AE200D106C0 /* KurlyAssignmentTests */,
				E6680E3B2EF40AE200D106C0 /* KurlyAssignmentUITests */,
			);
		};
/* End PBXProject section */

/* Begin PBXResourcesBuildPhase section */
		E6680E1A2EF40AE000D106C0 /* Resources */ = {
			isa = PBXResourcesBuildPhase;
			buildActionMask = 2147483647;
			files = (
			);
			runOnlyForDeploymentPostprocessing = 0;
		};
		E6680E302EF40AE200D106C0 /* Resources */ = {
			isa = PBXResourcesBuildPhase;
			buildActionMask = 2147483647;
			files = (
			);
			runOnlyForDeploymentPostprocessing = 0;
		};
		E6680E3A2EF40AE200D106C0 /* Resources */ = {
			isa = PBXResourcesBuildPhase;
			buildActionMask = 2147483647;
			files = (
			);
			runOnlyForDeploymentPostprocessing = 0;
		};
/* End PBXResourcesBuildPhase section */

/* Begin PBXSourcesBuildPhase section */
		E6680E182EF40AE000D106C0 /* Sources */ = {
			isa = PBXSourcesBuildPhase;
			buildActionMask = 2147483647;
			files = (
			);
			runOnlyForDeploymentPostprocessing = 0;
		};
		E6680E2E2EF40AE200D106C0 /* Sources */ = {
			isa = PBXSourcesBuildPhase;
			buildActionMask = 2147483647;
			files = (
			);
			runOnlyForDeploymentPostprocessing = 0;
		};
		E6680E382EF40AE200D106C0 /* Sources */ = {
			isa = PBXSourcesBuildPhase;
			buildActionMask = 2147483647;
			files = (
			);
			runOnlyForDeploymentPostprocessing = 0;
		};
/* End PBXSourcesBuildPhase section */

/* Begin PBXTargetDependency section */
		E6680E342EF40AE200D106C0 /* PBXTargetDependency */ = {
			isa = PBXTargetDependency;
			target = E6680E1B2EF40AE000D106C0 /* KurlyAssignment */;
			targetProxy = E6680E332EF40AE200D106C0 /* PBXContainerItemProxy */;
		};
		E6680E3E2EF40AE200D106C0 /* PBXTargetDependency */ = {
			isa = PBXTargetDependency;
			target = E6680E1B2EF40AE000D106C0 /* KurlyAssignment */;
			targetProxy = E6680E3D2EF40AE200D106C0 /* PBXContainerItemProxy */;
		};
/* End PBXTargetDependency section */

/* Begin XCBuildConfiguration section */
		E6680E462EF40AE200D106C0 /* Debug */ = {
			isa = XCBuildConfiguration;
			buildSettings = {
				ASSETCATALOG_COMPILER_APPICON_NAME = AppIcon;
				ASSETCATALOG_COMPILER_GLOBAL_ACCENT_COLOR_NAME = AccentColor;
				CODE_SIGN_STYLE = Automatic;
				CURRENT_PROJECT_VERSION = 1;
				DEVELOPMENT_TEAM = 827YX997NH;
				GENERATE_INFOPLIST_FILE = YES;
				INFOPLIST_FILE = KurlyAssignment/Info.plist;
				INFOPLIST_KEY_UIApplicationSupportsIndirectInputEvents = YES;
				INFOPLIST_KEY_UILaunchStoryboardName = LaunchScreen;
				INFOPLIST_KEY_UIMainStoryboardFile = Main;
				INFOPLIST_KEY_UISupportedInterfaceOrientations_iPad = "UIInterfaceOrientationPortrait UIInterfaceOrientationPortraitUpsideDown UIInterfaceOrientationLandscapeLeft UIInterfaceOrientationLandscapeRight";
				INFOPLIST_KEY_UISupportedInterfaceOrientations_iPhone = "UIInterfaceOrientationPortrait UIInterfaceOrientationLandscapeLeft UIInterfaceOrientationLandscapeRight";
				LD_RUNPATH_SEARCH_PATHS = (
					"$(inherited)",
					"@executable_path/Frameworks",
				);
				MARKETING_VERSION = 1.0;
				PRODUCT_BUNDLE_IDENTIFIER = com.krgoodnews.KurlyAssignment;
				PRODUCT_NAME = "$(TARGET_NAME)";
				STRING_CATALOG_GENERATE_SYMBOLS = YES;
				SWIFT_APPROACHABLE_CONCURRENCY = YES;
				SWIFT_DEFAULT_ACTOR_ISOLATION = MainActor;
				SWIFT_EMIT_LOC_STRINGS = YES;
				SWIFT_UPCOMING_FEATURE_MEMBER_IMPORT_VISIBILITY = YES;
				SWIFT_VERSION = 5.0;
				TARGETED_DEVICE_FAMILY = "1,2";
			};
			name = Debug;
		};
		E6680E472EF40AE200D106C0 /* Release */ = {
			isa = XCBuildConfiguration;
			buildSettings = {
				ASSETCATALOG_COMPILER_APPICON_NAME = AppIcon;
				ASSETCATALOG_COMPILER_GLOBAL_ACCENT_COLOR_NAME = AccentColor;
				CODE_SIGN_STYLE = Automatic;
				CURRENT_PROJECT_VERSION = 1;
				DEVELOPMENT_TEAM = 827YX997NH;
				GENERATE_INFOPLIST_FILE = YES;
				INFOPLIST_FILE = KurlyAssignment/Info.plist;
				INFOPLIST_KEY_UIApplicationSupportsIndirectInputEvents = YES;
				INFOPLIST_KEY_UILaunchStoryboardName = LaunchScreen;
				INFOPLIST_KEY_UIMainStoryboardFile = Main;
				INFOPLIST_KEY_UISupportedInterfaceOrientations_iPad = "UIInterfaceOrientationPortrait UIInterfaceOrientationPortraitUpsideDown UIInterfaceOrientationLandscapeLeft UIInterfaceOrientationLandscapeRight";
				INFOPLIST_KEY_UISupportedInterfaceOrientations_iPhone = "UIInterfaceOrientationPortrait UIInterfaceOrientationLandscapeLeft UIInterfaceOrientationLandscapeRight";
				LD_RUNPATH_SEARCH_PATHS = (
					"$(inherited)",
					"@executable_path/Frameworks",
				);
				MARKETING_VERSION = 1.0;
				PRODUCT_BUNDLE_IDENTIFIER = com.krgoodnews.KurlyAssignment;
				PRODUCT_NAME = "$(TARGET_NAME)";
				STRING_CATALOG_GENERATE_SYMBOLS = YES;
				SWIFT_APPROACHABLE_CONCURRENCY = YES;
				SWIFT_DEFAULT_ACTOR_ISOLATION = MainActor;
				SWIFT_EMIT_LOC_STRINGS = YES;
				SWIFT_UPCOMING_FEATURE_MEMBER_IMPORT_VISIBILITY = YES;
				SWIFT_VERSION = 5.0;
				TARGETED_DEVICE_FAMILY = "1,2";
			};
			name = Release;
		};
		E6680E482EF40AE200D106C0 /* Debug */ = {
			isa = XCBuildConfiguration;
			buildSettings = {
				ALWAYS_SEARCH_USER_PATHS = NO;
				ASSETCATALOG_COMPILER_GENERATE_SWIFT_ASSET_SYMBOL_EXTENSIONS = YES;
				CLANG_ANALYZER_NONNULL = YES;
				CLANG_ANALYZER_NUMBER_OBJECT_CONVERSION = YES_AGGRESSIVE;
				CLANG_CXX_LANGUAGE_STANDARD = "gnu++20";
				CLANG_ENABLE_MODULES = YES;
				CLANG_ENABLE_OBJC_ARC = YES;
				CLANG_ENABLE_OBJC_WEAK = YES;
				CLANG_WARN_BLOCK_CAPTURE_AUTORELEASING = YES;
				CLANG_WARN_BOOL_CONVERSION = YES;
				CLANG_WARN_COMMA = YES;
				CLANG_WARN_CONSTANT_CONVERSION = YES;
				CLANG_WARN_DEPRECATED_OBJC_IMPLEMENTATIONS = YES;
				CLANG_WARN_DIRECT_OBJC_ISA_USAGE = YES_ERROR;
				CLANG_WARN_DOCUMENTATION_COMMENTS = YES;
				CLANG_WARN_EMPTY_BODY = YES;
				CLANG_WARN_ENUM_CONVERSION = YES;
				CLANG_WARN_INFINITE_RECURSION = YES;
				CLANG_WARN_INT_CONVERSION = YES;
				CLANG_WARN_NON_LITERAL_NULL_CONVERSION = YES;
				CLANG_WARN_OBJC_IMPLICIT_RETAIN_SELF = YES;
				CLANG_WARN_OBJC_LITERAL_CONVERSION = YES;
				CLANG_WARN_OBJC_ROOT_CLASS = YES_ERROR;
				CLANG_WARN_QUOTED_INCLUDE_IN_FRAMEWORK_HEADER = YES;
				CLANG_WARN_RANGE_LOOP_ANALYSIS = YES;
				CLANG_WARN_STRICT_PROTOTYPES = YES;
				CLANG_WARN_SUSPICIOUS_MOVE = YES;
				CLANG_WARN_UNGUARDED_AVAILABILITY = YES_AGGRESSIVE;
				CLANG_WARN_UNREACHABLE_CODE = YES;
				CLANG_WARN__DUPLICATE_METHOD_MATCH = YES;
				COPY_PHASE_STRIP = NO;
				DEBUG_INFORMATION_FORMAT = dwarf;
				DEVELOPMENT_TEAM = 827YX997NH;
				ENABLE_STRICT_OBJC_MSGSEND = YES;
				ENABLE_TESTABILITY = YES;
				ENABLE_USER_SCRIPT_SANDBOXING = YES;
				GCC_C_LANGUAGE_STANDARD = gnu17;
				GCC_DYNAMIC_NO_PIC = NO;
				GCC_NO_COMMON_BLOCKS = YES;
				GCC_OPTIMIZATION_LEVEL = 0;
				GCC_PREPROCESSOR_DEFINITIONS = (
					"DEBUG=1",
					"$(inherited)",
				);
				GCC_WARN_64_TO_32_BIT_CONVERSION = YES;
				GCC_WARN_ABOUT_RETURN_TYPE = YES_ERROR;
				GCC_WARN_UNDECLARED_SELECTOR = YES;
				GCC_WARN_UNINITIALIZED_AUTOS = YES_AGGRESSIVE;
				GCC_WARN_UNUSED_FUNCTION = YES;
				GCC_WARN_UNUSED_VARIABLE = YES;
				IPHONEOS_DEPLOYMENT_TARGET = 26.1;
				LOCALIZATION_PREFERS_STRING_CATALOGS = YES;
				MTL_ENABLE_DEBUG_INFO = INCLUDE_SOURCE;
				MTL_FAST_MATH = YES;
				ONLY_ACTIVE_ARCH = YES;
				SDKROOT = iphoneos;
				SWIFT_ACTIVE_COMPILATION_CONDITIONS = "DEBUG $(inherited)";
				SWIFT_OPTIMIZATION_LEVEL = "-Onone";
			};
			name = Debug;
		};
		E6680E492EF40AE200D106C0 /* Release */ = {
			isa = XCBuildConfiguration;
			buildSettings = {
				ALWAYS_SEARCH_USER_PATHS = NO;
				ASSETCATALOG_COMPILER_GENERATE_SWIFT_ASSET_SYMBOL_EXTENSIONS = YES;
				CLANG_ANALYZER_NONNULL = YES;
				CLANG_ANALYZER_NUMBER_OBJECT_CONVERSION = YES_AGGRESSIVE;
				CLANG_CXX_LANGUAGE_STANDARD = "gnu++20";
				CLANG_ENABLE_MODULES = YES;
				CLANG_ENABLE_OBJC_ARC = YES;
				CLANG_ENABLE_OBJC_WEAK = YES;
				CLANG_WARN_BLOCK_CAPTURE_AUTORELEASING = YES;
				CLANG_WARN_BOOL_CONVERSION = YES;
				CLANG_WARN_COMMA = YES;
				CLANG_WARN_CONSTANT_CONVERSION = YES;
				CLANG_WARN_DEPRECATED_OBJC_IMPLEMENTATIONS = YES;
				CLANG_WARN_DIRECT_OBJC_ISA_USAGE = YES_ERROR;
				CLANG_WARN_DOCUMENTATION_COMMENTS = YES;
				CLANG_WARN_EMPTY_BODY = YES;
				CLANG_WARN_ENUM_CONVERSION = YES;
				CLANG_WARN_INFINITE_RECURSION = YES;
				CLANG_WARN_INT_CONVERSION = YES;
				CLANG_WARN_NON_LITERAL_NULL_CONVERSION = YES;
				CLANG_WARN_OBJC_IMPLICIT_RETAIN_SELF = YES;
				CLANG_WARN_OBJC_LITERAL_CONVERSION = YES;
				CLANG_WARN_OBJC_ROOT_CLASS = YES_ERROR;
				CLANG_WARN_QUOTED_INCLUDE_IN_FRAMEWORK_HEADER = YES;
				CLANG_WARN_RANGE_LOOP_ANALYSIS = YES;
				CLANG_WARN_STRICT_PROTOTYPES = YES;
				CLANG_WARN_SUSPICIOUS_MOVE = YES;
				CLANG_WARN_UNGUARDED_AVAILABILITY = YES_AGGRESSIVE;
				CLANG_WARN_UNREACHABLE_CODE = YES;
				CLANG_WARN__DUPLICATE_METHOD_MATCH = YES;
				COPY_PHASE_STRIP = NO;
				DEBUG_INFORMATION_FORMAT = "dwarf-with-dsym";
				DEVELOPMENT_TEAM = 827YX997NH;
				ENABLE_NS_ASSERTIONS = NO;
				ENABLE_STRICT_OBJC_MSGSEND = YES;
				ENABLE_USER_SCRIPT_SANDBOXING = YES;
				GCC_C_LANGUAGE_STANDARD = gnu17;
				GCC_NO_COMMON_BLOCKS = YES;
				GCC_WARN_64_TO_32_BIT_CONVERSION = YES;
				GCC_WARN_ABOUT_RETURN_TYPE = YES_ERROR;
				GCC_WARN_UNDECLARED_SELECTOR = YES;
				GCC_WARN_UNINITIALIZED_AUTOS = YES_AGGRESSIVE;
				GCC_WARN_UNUSED_FUNCTION = YES;
				GCC_WARN_UNUSED_VARIABLE = YES;
				IPHONEOS_DEPLOYMENT_TARGET = 26.1;
				LOCALIZATION_PREFERS_STRING_CATALOGS = YES;
				MTL_ENABLE_DEBUG_INFO = NO;
				MTL_FAST_MATH = YES;
				SDKROOT = iphoneos;
				SWIFT_COMPILATION_MODE = wholemodule;
				VALIDATE_PRODUCT = YES;
			};
			name = Release;
		};
		E6680E4B2EF40AE200D106C0 /* Debug */ = {
			isa = XCBuildConfiguration;
			buildSettings = {
				BUNDLE_LOADER = "$(TEST_HOST)";
				CODE_SIGN_STYLE = Automatic;
				CURRENT_PROJECT_VERSION = 1;
				DEVELOPMENT_TEAM = 827YX997NH;
				GENERATE_INFOPLIST_FILE = YES;
				IPHONEOS_DEPLOYMENT_TARGET = 26.1;
				MARKETING_VERSION = 1.0;
				PRODUCT_BUNDLE_IDENTIFIER = com.krgoodnews.KurlyAssignmentTests;
				PRODUCT_NAME = "$(TARGET_NAME)";
				STRING_CATALOG_GENERATE_SYMBOLS = NO;
				SWIFT_APPROACHABLE_CONCURRENCY = YES;
				SWIFT_EMIT_LOC_STRINGS = NO;
				SWIFT_UPCOMING_FEATURE_MEMBER_IMPORT_VISIBILITY = YES;
				SWIFT_VERSION = 5.0;
				TARGETED_DEVICE_FAMILY = "1,2";
				TEST_HOST = "$(BUILT_PRODUCTS_DIR)/KurlyAssignment.app/$(BUNDLE_EXECUTABLE_FOLDER_PATH)/KurlyAssignment";
			};
			name = Debug;
		};
		E6680E4C2EF40AE200D106C0 /* Release */ = {
			isa = XCBuildConfiguration;
			buildSettings = {
				BUNDLE_LOADER = "$(TEST_HOST)";
				CODE_SIGN_STYLE = Automatic;
				CURRENT_PROJECT_VERSION = 1;
				DEVELOPMENT_TEAM = 827YX997NH;
				GENERATE_INFOPLIST_FILE = YES;
				IPHONEOS_DEPLOYMENT_TARGET = 26.1;
				MARKETING_VERSION = 1.0;
				PRODUCT_BUNDLE_IDENTIFIER = com.krgoodnews.KurlyAssignmentTests;
				PRODUCT_NAME = "$(TARGET_NAME)";
				STRING_CATALOG_GENERATE_SYMBOLS = NO;
				SWIFT_APPROACHABLE_CONCURRENCY = YES;
				SWIFT_EMIT_LOC_STRINGS = NO;
				SWIFT_UPCOMING_FEATURE_MEMBER_IMPORT_VISIBILITY = YES;
				SWIFT_VERSION = 5.0;
				TARGETED_DEVICE_FAMILY = "1,2";
				TEST_HOST = "$(BUILT_PRODUCTS_DIR)/KurlyAssignment.app/$(BUNDLE_EXECUTABLE_FOLDER_PATH)/KurlyAssignment";
			};
			name = Release;
		};
		E6680E4E2EF40AE200D106C0 /* Debug */ = {
			isa = XCBuildConfiguration;
			buildSettings = {
				CODE_SIGN_STYLE = Automatic;
				CURRENT_PROJECT_VERSION = 1;
				DEVELOPMENT_TEAM = 827YX997NH;
				GENERATE_INFOPLIST_FILE = YES;
				MARKETING_VERSION = 1.0;
				PRODUCT_BUNDLE_IDENTIFIER = com.krgoodnews.KurlyAssignmentUITests;
				PRODUCT_NAME = "$(TARGET_NAME)";
				STRING_CATALOG_GENERATE_SYMBOLS = NO;
				SWIFT_APPROACHABLE_CONCURRENCY = YES;
				SWIFT_EMIT_LOC_STRINGS = NO;
				SWIFT_UPCOMING_FEATURE_MEMBER_IMPORT_VISIBILITY = YES;
				SWIFT_VERSION = 5.0;
				TARGETED_DEVICE_FAMILY = "1,2";
				TEST_TARGET_NAME = KurlyAssignment;
			};
			name = Debug;
		};
		E6680E4F2EF40AE200D106C0 /* Release */ = {
			isa = XCBuildConfiguration;
			buildSettings = {
				CODE_SIGN_STYLE = Automatic;
				CURRENT_PROJECT_VERSION = 1;
				DEVELOPMENT_TEAM = 827YX997NH;
				GENERATE_INFOPLIST_FILE = YES;
				MARKETING_VERSION = 1.0;
				PRODUCT_BUNDLE_IDENTIFIER = com.krgoodnews.KurlyAssignmentUITests;
				PRODUCT_NAME = "$(TARGET_NAME)";
				STRING_CATALOG_GENERATE_SYMBOLS = NO;
				SWIFT_APPROACHABLE_CONCURRENCY = YES;
				SWIFT_EMIT_LOC_STRINGS = NO;
				SWIFT_UPCOMING_FEATURE_MEMBER_IMPORT_VISIBILITY = YES;
				SWIFT_VERSION = 5.0;
				TARGETED_DEVICE_FAMILY = "1,2";
				TEST_TARGET_NAME = KurlyAssignment;
			};
			name = Release;
		};
/* End XCBuildConfiguration section */

/* Begin XCConfigurationList section */
		E6680E172EF40AE000D106C0 /* Build configuration list for PBXProject "KurlyAssignment" */ = {
			isa = XCConfigurationList;
			buildConfigurations = (
				E6680E482EF40AE200D106C0 /* Debug */,
				E6680E492EF40AE200D106C0 /* Release */,
			);
			defaultConfigurationIsVisible = 0;
			defaultConfigurationName = Release;
		};
		E6680E452EF40AE200D106C0 /* Build configuration list for PBXNativeTarget "KurlyAssignment" */ = {
			isa = XCConfigurationList;
			buildConfigurations = (
				E6680E462EF40AE200D106C0 /* Debug */,
				E6680E472EF40AE200D106C0 /* Release */,
			);
			defaultConfigurationIsVisible = 0;
			defaultConfigurationName = Release;
		};
		E6680E4A2EF40AE200D106C0 /* Build configuration list for PBXNativeTarget "KurlyAssignmentTests" */ = {
			isa = XCConfigurationList;
			buildConfigurations = (
				E6680E4B2EF40AE200D106C0 /* Debug */,
				E6680E4C2EF40AE200D106C0 /* Release */,
			);
			defaultConfigurationIsVisible = 0;
			defaultConfigurationName = Release;
		};
		E6680E4D2EF40AE200D106C0 /* Build configuration list for PBXNativeTarget "KurlyAssignmentUITests" */ = {
			isa = XCConfigurationList;
			buildConfigurations = (
				E6680E4E2EF40AE200D106C0 /* Debug */,
				E6680E4F2EF40AE200D106C0 /* Release */,
			);
			defaultConfigurationIsVisible = 0;
			defaultConfigurationName = Release;
		};
/* End XCConfigurationList section */
	};
	rootObject = E6680E142EF40AE000D106C0 /* Project object */;
}
